
Microsoft Visual Studio Solution File, Format Version 12.00
# Visual Studio Version 17
VisualStudioVersion = 17.4.33122.133
MinimumVisualStudioVersion = 10.0.40219.1
Project("{FAE04EC0-301F-11D3-BF4B-00C04F79EFBC}") = "AdventOfCodeDay2", "AdventOfCodeDay2\AdventOfCodeDay2.csproj", "{ACEFCB54-A022-403D-80D8-2878658205FB}"
EndProject
Global
	GlobalSection(SolutionConfigurationPlatforms) = preSolution
		Debug|Any CPU = Debug|Any CPU
		Release|Any CPU = Release|Any CPU
	EndGlobalSection
	GlobalSection(ProjectConfigurationPlatforms) = postSolution
		{ACEFCB54-A022-403D-80D8-2878658205FB}.Debug|Any CPU.ActiveCfg = Debug|Any CPU
		{ACEFCB54-A022-403D-80D8-2878658205FB}.Debug|Any CPU.Build.0 = Debug|Any CPU
		{ACEFCB54-A022-403D-80D8-2878658205FB}.Release|Any CPU.ActiveCfg = Release|Any CPU
		{ACEFCB54-A022-403D-80D8-2878658205FB}.Release|Any CPU.Build.0 = Release|Any CPU
	EndGlobalSection
	GlobalSection(SolutionProperties) = preSolution
		HideSolutionNode = FALSE
	EndGlobalSection
	GlobalSection(ExtensibilityGlobals) = postSolution
		SolutionGuid = {3F784A46-FC6C-47FB-8621-C70142D9070A}
	EndGlobalSection
EndGlobal
